{
  "name": "formality-lang",
  "version": "0.1.0",
  "lockfileVersion": 1,
  "requires": true,
  "dependencies": {
    "formality-core": {
      "version": "0.2.19",
      "resolved": "https://registry.npmjs.org/formality-core/-/formality-core-0.2.19.tgz",
      "integrity": "sha512-D3zZP+YaGCDsP4QZNC6u1XXlKmEaStf4btX8Ht1tcE/pPAyNO15PmrFCK8uDnIFIOK9jC1Z8czx7eUfcnyBDmQ=="
    }
  }
}
